{
  "object": {
    "pins": [
      {
        "package": "UIKitPresentationModifier",
        "repositoryURL": "https://github.com/mtzaquia/UIKitPresentationModifier.git",
        "state": {
          "branch": "main",
          "revision": "fe32c5bb861caa4d33d9f850d0e908a050466068",
          "version": null
        }
      }
    ]
  },
  "version": 1
}
