{
  "object": {
    "pins": [
      {
        "package": "UIKitPresentationModifier",
        "repositoryURL": "https://github.com/mtzaquia/UIKitPresentationModifier.git",
        "state": {
          "branch": "main",
          "revision": "6ce5efdfd41224ae0df086bbc6d6d970fd793b51",
          "version": null
        }
      }
    ]
  },
  "version": 1
}
